
Microsoft Visual Studio Solution File, Format Version 12.00
# Visual Studio Version 16
VisualStudioVersion = 16.0.29519.87
MinimumVisualStudioVersion = 10.0.40219.1
Project("{9A19103F-16F7-4668-BE54-9A1E7A4F7556}") = "Okta.AspNet.Abstractions", "Okta.AspNet.Abstractions\Okta.AspNet.Abstractions.csproj", "{E7947664-64B6-4314-B644-2F376187B89F}"
EndProject
Project("{2150E333-8FDC-42A3-9474-1A3956D46DE8}") = "Solution Items", "Solution Items", "{6481BBC0-3284-4CBF-AD7B-2480535F1184}"
	ProjectSection(SolutionItems) = preProject
		build.cake = build.cake
	EndProjectSection
EndProject
Project("{9A19103F-16F7-4668-BE54-9A1E7A4F7556}") = "Okta.AspNet", "Okta.AspNet\Okta.AspNet.csproj", "{E183845F-6656-458C-8B7A-B1C4007FBD86}"
EndProject
Project("{9A19103F-16F7-4668-BE54-9A1E7A4F7556}") = "Okta.AspNet.Abstractions.Test", "Okta.AspNet.Abstractions.Test\Okta.AspNet.Abstractions.Test.csproj", "{776245CD-6358-4B4A-8A43-D2275CEADA15}"
EndProject
Project("{FAE04EC0-301F-11D3-BF4B-00C04F79EFBC}") = "Okta.AspNet.WebApi.IntegrationTest", "Okta.AspNet.WebApi.IntegrationTest\Okta.AspNet.WebApi.IntegrationTest.csproj", "{E8E7FD29-C41F-4FBD-936E-12B7AF8DBA44}"
EndProject
Project("{9A19103F-16F7-4668-BE54-9A1E7A4F7556}") = "Okta.AspNetCore", "Okta.AspNetCore\Okta.AspNetCore.csproj", "{6796851B-84B7-4C7B-953A-090D1C91B6BE}"
EndProject
Project("{9A19103F-16F7-4668-BE54-9A1E7A4F7556}") = "Okta.AspNetCore.Mvc.IntegrationTest", "Okta.AspNetCore.Mvc.IntegrationTest\Okta.AspNetCore.Mvc.IntegrationTest.csproj", "{1234D31F-7EEE-45E4-B166-C7C964E0040A}"
EndProject
Project("{9A19103F-16F7-4668-BE54-9A1E7A4F7556}") = "Okta.AspNetCore.WebApi.IntegrationTest", "Okta.AspNetCore.WebApi.IntegrationTest\Okta.AspNetCore.WebApi.IntegrationTest.csproj", "{0915D199-F47D-4CF2-9ECA-398BFAAC1990}"
EndProject
Project("{9A19103F-16F7-4668-BE54-9A1E7A4F7556}") = "Okta.AspNetCore.Test", "Okta.AspNetCore.Test\Okta.AspNetCore.Test.csproj", "{96C48DD2-27B9-4871-A53F-5438F18E72E7}"
EndProject
Project("{9A19103F-16F7-4668-BE54-9A1E7A4F7556}") = "Okta.AspNet.Test", "Okta.AspNet.Test\Okta.AspNet.Test.csproj", "{4B8E09D6-6B40-477E-8E4C-CF90848FC0B9}"
EndProject
Global
	GlobalSection(SolutionConfigurationPlatforms) = preSolution
		Debug|Any CPU = Debug|Any CPU
		Release|Any CPU = Release|Any CPU
	EndGlobalSection
	GlobalSection(ProjectConfigurationPlatforms) = postSolution
		{E7947664-64B6-4314-B644-2F376187B89F}.Debug|Any CPU.ActiveCfg = Debug|Any CPU
		{E7947664-64B6-4314-B644-2F376187B89F}.Debug|Any CPU.Build.0 = Debug|Any CPU
		{E7947664-64B6-4314-B644-2F376187B89F}.Release|Any CPU.ActiveCfg = Release|Any CPU
		{E7947664-64B6-4314-B644-2F376187B89F}.Release|Any CPU.Build.0 = Release|Any CPU
		{E183845F-6656-458C-8B7A-B1C4007FBD86}.Debug|Any CPU.ActiveCfg = Debug|Any CPU
		{E183845F-6656-458C-8B7A-B1C4007FBD86}.Debug|Any CPU.Build.0 = Debug|Any CPU
		{E183845F-6656-458C-8B7A-B1C4007FBD86}.Release|Any CPU.ActiveCfg = Release|Any CPU
		{E183845F-6656-458C-8B7A-B1C4007FBD86}.Release|Any CPU.Build.0 = Release|Any CPU
		{776245CD-6358-4B4A-8A43-D2275CEADA15}.Debug|Any CPU.ActiveCfg = Debug|Any CPU
		{776245CD-6358-4B4A-8A43-D2275CEADA15}.Debug|Any CPU.Build.0 = Debug|Any CPU
		{776245CD-6358-4B4A-8A43-D2275CEADA15}.Release|Any CPU.ActiveCfg = Release|Any CPU
		{776245CD-6358-4B4A-8A43-D2275CEADA15}.Release|Any CPU.Build.0 = Release|Any CPU
		{E8E7FD29-C41F-4FBD-936E-12B7AF8DBA44}.Debug|Any CPU.ActiveCfg = Debug|Any CPU
		{E8E7FD29-C41F-4FBD-936E-12B7AF8DBA44}.Debug|Any CPU.Build.0 = Debug|Any CPU
		{E8E7FD29-C41F-4FBD-936E-12B7AF8DBA44}.Release|Any CPU.ActiveCfg = Release|Any CPU
		{E8E7FD29-C41F-4FBD-936E-12B7AF8DBA44}.Release|Any CPU.Build.0 = Release|Any CPU
		{6796851B-84B7-4C7B-953A-090D1C91B6BE}.Debug|Any CPU.ActiveCfg = Debug|Any CPU
		{6796851B-84B7-4C7B-953A-090D1C91B6BE}.Debug|Any CPU.Build.0 = Debug|Any CPU
		{6796851B-84B7-4C7B-953A-090D1C91B6BE}.Release|Any CPU.ActiveCfg = Release|Any CPU
		{6796851B-84B7-4C7B-953A-090D1C91B6BE}.Release|Any CPU.Build.0 = Release|Any CPU
		{1234D31F-7EEE-45E4-B166-C7C964E0040A}.Debug|Any CPU.ActiveCfg = Debug|Any CPU
		{1234D31F-7EEE-45E4-B166-C7C964E0040A}.Debug|Any CPU.Build.0 = Debug|Any CPU
		{1234D31F-7EEE-45E4-B166-C7C964E0040A}.Release|Any CPU.ActiveCfg = Release|Any CPU
		{1234D31F-7EEE-45E4-B166-C7C964E0040A}.Release|Any CPU.Build.0 = Release|Any CPU
		{0915D199-F47D-4CF2-9ECA-398BFAAC1990}.Debug|Any CPU.ActiveCfg = Debug|Any CPU
		{0915D199-F47D-4CF2-9ECA-398BFAAC1990}.Debug|Any CPU.Build.0 = Debug|Any CPU
		{0915D199-F47D-4CF2-9ECA-398BFAAC1990}.Release|Any CPU.ActiveCfg = Release|Any CPU
		{0915D199-F47D-4CF2-9ECA-398BFAAC1990}.Release|Any CPU.Build.0 = Release|Any CPU
		{96C48DD2-27B9-4871-A53F-5438F18E72E7}.Debug|Any CPU.ActiveCfg = Debug|Any CPU
		{96C48DD2-27B9-4871-A53F-5438F18E72E7}.Debug|Any CPU.Build.0 = Debug|Any CPU
		{96C48DD2-27B9-4871-A53F-5438F18E72E7}.Release|Any CPU.ActiveCfg = Release|Any CPU
		{96C48DD2-27B9-4871-A53F-5438F18E72E7}.Release|Any CPU.Build.0 = Release|Any CPU
		{4B8E09D6-6B40-477E-8E4C-CF90848FC0B9}.Debug|Any CPU.ActiveCfg = Debug|Any CPU
		{4B8E09D6-6B40-477E-8E4C-CF90848FC0B9}.Debug|Any CPU.Build.0 = Debug|Any CPU
		{4B8E09D6-6B40-477E-8E4C-CF90848FC0B9}.Release|Any CPU.ActiveCfg = Release|Any CPU
		{4B8E09D6-6B40-477E-8E4C-CF90848FC0B9}.Release|Any CPU.Build.0 = Release|Any CPU
	EndGlobalSection
	GlobalSection(SolutionProperties) = preSolution
		HideSolutionNode = FALSE
	EndGlobalSection
	GlobalSection(ExtensibilityGlobals) = postSolution
		SolutionGuid = {8BB79AF0-01C3-4240-BA7E-B65B66D15ABF}
	EndGlobalSection
EndGlobal
